<?xml version="1.0" encoding="utf-8"?>
<Project ToolsVersion="4.0" xmlns="http://schemas.microsoft.com/developer/msbuild/2003">
  <ItemGroup>
    <Filter Include="소스 파일">
      <UniqueIdentifier>{4FC737F1-C7A5-4376-A066-2A32D752A2FF}</UniqueIdentifier>
      <Extensions>cpp;c;cc;cxx;def;odl;idl;hpj;bat;asm;asmx</Extensions>
    </Filter>
    <Filter Include="헤더 파일">
      <UniqueIdentifier>{93995380-89BD-4b04-88EB-625FBE52EBFB}</UniqueIdentifier>
      <Extensions>h;hh;hpp;hxx;hm;inl;inc;ipp;xsd</Extensions>
    </Filter>
    <Filter Include="리소스 파일">
      <UniqueIdentifier>{67DA6AB6-F800-4c08-8B7A-83BB121AAD01}</UniqueIdentifier>
      <Extensions>rc;ico;cur;bmp;dlg;rc2;rct;bin;rgs;gif;jpg;jpeg;jpe;resx;tiff;tif;png;wav;mfcribbon-ms</Extensions>
    </Filter>
    <Filter Include="소스 파일\Shape">
      <UniqueIdentifier>{b219ccf7-11ce-4f99-b3f5-6d4ba10bb00d}</UniqueIdentifier>
    </Filter>
    <Filter Include="소스 파일\ShapeHandler">
      <UniqueIdentifier>{e26b66dc-770d-4e37-a1e5-35e469cb88fb}</UniqueIdentifier>
    </Filter>
  </ItemGroup>
  <ItemGroup>
    <ClInclude Include="maptool.h">
      <Filter>헤더 파일</Filter>
    </ClInclude>
    <ClInclude Include="stdafx.h">
      <Filter>헤더 파일</Filter>
    </ClInclude>
    <ClInclude Include="targetver.h">
      <Filter>헤더 파일</Filter>
    </ClInclude>
    <ClInclude Include="MainFrm.h">
      <Filter>헤더 파일</Filter>
    </ClInclude>
    <ClInclude Include="maptoolDoc.h">
      <Filter>헤더 파일</Filter>
    </ClInclude>
    <ClInclude Include="maptoolView.h">
      <Filter>헤더 파일</Filter>
    </ClInclude>
    <ClInclude Include="Resource.h">
      <Filter>헤더 파일</Filter>
    </ClInclude>
    <ClInclude Include="ControlView.h">
      <Filter>헤더 파일</Filter>
    </ClInclude>
    <ClInclude Include="define.h">
      <Filter>헤더 파일</Filter>
    </ClInclude>
    <ClInclude Include="DlgTab1.h">
      <Filter>헤더 파일</Filter>
    </ClInclude>
    <ClInclude Include="DlgTab2.h">
      <Filter>헤더 파일</Filter>
    </ClInclude>
    <ClInclude Include="Point.h">
      <Filter>소스 파일\Shape</Filter>
    </ClInclude>
    <ClInclude Include="Shape.h">
      <Filter>소스 파일\Shape</Filter>
    </ClInclude>
    <ClInclude Include="Line.h">
      <Filter>소스 파일\Shape</Filter>
    </ClInclude>
    <ClInclude Include="Rect.h">
      <Filter>소스 파일\Shape</Filter>
    </ClInclude>
    <ClInclude Include="ShapeHandler.h">
      <Filter>소스 파일\ShapeHandler</Filter>
    </ClInclude>
    <ClInclude Include="BufferDC.h">
      <Filter>헤더 파일</Filter>
    </ClInclude>
  </ItemGroup>
  <ItemGroup>
    <ClCompile Include="maptool.cpp">
      <Filter>소스 파일</Filter>
    </ClCompile>
    <ClCompile Include="stdafx.cpp">
      <Filter>소스 파일</Filter>
    </ClCompile>
    <ClCompile Include="MainFrm.cpp">
      <Filter>소스 파일</Filter>
    </ClCompile>
    <ClCompile Include="maptoolDoc.cpp">
      <Filter>소스 파일</Filter>
    </ClCompile>
    <ClCompile Include="maptoolView.cpp">
      <Filter>소스 파일</Filter>
    </ClCompile>
    <ClCompile Include="ControlView.cpp">
      <Filter>소스 파일</Filter>
    </ClCompile>
    <ClCompile Include="DlgTab1.cpp">
      <Filter>소스 파일</Filter>
    </ClCompile>
    <ClCompile Include="DlgTab2.cpp">
      <Filter>소스 파일</Filter>
    </ClCompile>
    <ClCompile Include="Shape.cpp">
      <Filter>소스 파일\Shape</Filter>
    </ClCompile>
    <ClCompile Include="Line.cpp">
      <Filter>소스 파일\Shape</Filter>
    </ClCompile>
    <ClCompile Include="Rect.cpp">
      <Filter>소스 파일\Shape</Filter>
    </ClCompile>
    <ClCompile Include="ShapeHandler.cpp">
      <Filter>소스 파일\ShapeHandler</Filter>
    </ClCompile>
    <ClCompile Include="BufferDC.cpp">
      <Filter>소스 파일</Filter>
    </ClCompile>
  </ItemGroup>
  <ItemGroup>
    <ResourceCompile Include="maptool.rc">
      <Filter>리소스 파일</Filter>
    </ResourceCompile>
  </ItemGroup>
  <ItemGroup>
    <Image Include="res\userimages.bmp">
      <Filter>리소스 파일</Filter>
    </Image>
    <Image Include="res\maptoolDoc.ico">
      <Filter>리소스 파일</Filter>
    </Image>
    <Image Include="res\maptool.ico">
      <Filter>리소스 파일</Filter>
    </Image>
    <Image Include="res\Toolbar.bmp">
      <Filter>리소스 파일</Filter>
    </Image>
    <Image Include="res\Toolbar256.bmp">
      <Filter>리소스 파일</Filter>
    </Image>
  </ItemGroup>
  <ItemGroup>
    <None Include="res\maptool.rc2">
      <Filter>리소스 파일</Filter>
    </None>
  </ItemGroup>
</Project>